<?xml version="1.0" encoding="utf-8"?>
<Project ToolsVersion="4.0" xmlns="http://schemas.microsoft.com/developer/msbuild/2003">
  <ItemGroup>
    <Filter Include="src">
      <UniqueIdentifier>{4FC737F1-C7A5-4376-A066-2A32D752A2FF}</UniqueIdentifier>
      <Extensions>cpp;c;cc;cxx;c++;cppm;ixx;def;odl;idl;hpj;bat;asm;asmx</Extensions>
    </Filter>
    <Filter Include="data">
      <UniqueIdentifier>{67DA6AB6-F800-4c08-8B7A-83BB121AAD01}</UniqueIdentifier>
      <Extensions>rc;ico;cur;bmp;dlg;rc2;rct;bin;rgs;gif;jpg;jpeg;jpe;resx;tiff;tif;png;wav;mfcribbon-ms</Extensions>
    </Filter>
  </ItemGroup>
  <ItemGroup>
    <Image Include="assets\fond.png">
      <Filter>data</Filter>
    </Image>
    <Image Include="data\Assets\Menu.png">
      <Filter>data</Filter>
    </Image>
    <Image Include="doc\ClassDiagram.png">
      <Filter>data</Filter>
    </Image>
  </ItemGroup>
  <ItemGroup>
    <ClInclude Include="src\Entity.h">
      <Filter>src</Filter>
    </ClInclude>
    <ClInclude Include="src\Game.h">
      <Filter>src</Filter>
    </ClInclude>
    <ClInclude Include="src\Texture.h">
      <Filter>src</Filter>
    </ClInclude>
    <ClInclude Include="src\Astronaut.h" />
    <ClInclude Include="src\Planet.h" />
    <ClInclude Include="src\Text.h" />
    <ClInclude Include="src\ParticleEmitter.h" />
    <ClInclude Include="src\Particle.h" />
    <ClInclude Include="src\ParticlePool.h" />
  </ItemGroup>
  <ItemGroup>
    <ClCompile Include="src\Main.cpp">
      <Filter>src</Filter>
    </ClCompile>
    <ClCompile Include="src\Game.cpp">
      <Filter>src</Filter>
    </ClCompile>
    <ClCompile Include="src\Texture.cpp">
      <Filter>src</Filter>
    </ClCompile>
    <ClCompile Include="src\Entity.cpp">
      <Filter>src</Filter>
    </ClCompile>
    <ClCompile Include="src\Astronaut.cpp">
      <Filter>src</Filter>
    </ClCompile>
    <ClCompile Include="src\Planet.cpp">
      <Filter>src</Filter>
    </ClCompile>
    <ClCompile Include="src\Text.cpp">
      <Filter>src</Filter>
    </ClCompile>
    <ClCompile Include="src\Particle.cpp">
      <Filter>src</Filter>
    </ClCompile>
    <ClCompile Include="src\ParticleEmitter.cpp">
      <Filter>src</Filter>
    </ClCompile>
    <ClCompile Include="src\ParticlePool.cpp">
      <Filter>src</Filter>
    </ClCompile>
  </ItemGroup>
  <ItemGroup>
    <None Include="ClassDiagram.cd" />
    <None Include="doc\Diagramme_de_grantt.pdf" />
    <None Include="doc\Presentation_T1000.pdf" />
  </ItemGroup>
</Project>